// !$*UTF8*$!
{
	archiveVersion = 1;
	classes = {
	};
	objectVersion = 56;
	objects = {

/* Begin PBXBuildFile section */
		8178C6132990881B006409D2 /* AppDelegate.swift in Sources */ = {isa = PBXBuildFile; fileRef = 8178C6122990881B006409D2 /* AppDelegate.swift */; };
		8178C6152990881B006409D2 /* GameScene.sks in Resources */ = {isa = PBXBuildFile; fileRef = 8178C6142990881B006409D2 /* GameScene.sks */; };
		8178C6172990881B006409D2 /* Actions.sks in Resources */ = {isa = PBXBuildFile; fileRef = 8178C6162990881B006409D2 /* Actions.sks */; };
		8178C6192990881B006409D2 /* GameScene.swift in Sources */ = {isa = PBXBuildFile; fileRef = 8178C6182990881B006409D2 /* GameScene.swift */; };
		8178C61B2990881B006409D2 /* GameViewController.swift in Sources */ = {isa = PBXBuildFile; fileRef = 8178C61A2990881B006409D2 /* GameViewController.swift */; };
		8178C61E2990881B006409D2 /* Main.storyboard in Resources */ = {isa = PBXBuildFile; fileRef = 8178C61C2990881B006409D2 /* Main.storyboard */; };
		8178C6202990881D006409D2 /* Assets.xcassets in Resources */ = {isa = PBXBuildFile; fileRef = 8178C61F2990881D006409D2 /* Assets.xcassets */; };
		8178C6232990881D006409D2 /* LaunchScreen.storyboard in Resources */ = {isa = PBXBuildFile; fileRef = 8178C6212990881D006409D2 /* LaunchScreen.storyboard */; };
		8178C62C2990883A006409D2 /* ScoreManager.swift in Sources */ = {isa = PBXBuildFile; fileRef = 8178C62A2990883A006409D2 /* ScoreManager.swift */; };
		8178C62D2990883A006409D2 /* CollisionManager.swift in Sources */ = {isa = PBXBuildFile; fileRef = 8178C62B2990883A006409D2 /* CollisionManager.swift */; };
		8178C65929908851006409D2 /* Island.swift in Sources */ = {isa = PBXBuildFile; fileRef = 8178C65529908850006409D2 /* Island.swift */; };
		8178C65A29908851006409D2 /* Cloud.swift in Sources */ = {isa = PBXBuildFile; fileRef = 8178C65629908850006409D2 /* Cloud.swift */; };
		8178C65B29908851006409D2 /* Ocean.swift in Sources */ = {isa = PBXBuildFile; fileRef = 8178C65729908850006409D2 /* Ocean.swift */; };
		8178C65C29908851006409D2 /* Plane.swift in Sources */ = {isa = PBXBuildFile; fileRef = 8178C65829908850006409D2 /* Plane.swift */; };
		8178C67629908860006409D2 /* GameProtocol.swift in Sources */ = {isa = PBXBuildFile; fileRef = 8178C67329908860006409D2 /* GameProtocol.swift */; };
		8178C67729908860006409D2 /* GameObject.swift in Sources */ = {isa = PBXBuildFile; fileRef = 8178C67429908860006409D2 /* GameObject.swift */; };
		8178C67829908860006409D2 /* Layer.swift in Sources */ = {isa = PBXBuildFile; fileRef = 8178C67529908860006409D2 /* Layer.swift */; };
/* End PBXBuildFile section */

/* Begin PBXFileReference section */
		8178C60F2990881B006409D2 /* MAPD724_ICE3_Brijen.app */ = {isa = PBXFileReference; explicitFileType = wrapper.application; includeInIndex = 0; path = MAPD724_ICE3_Brijen.app; sourceTree = BUILT_PRODUCTS_DIR; };
		8178C6122990881B006409D2 /* AppDelegate.swift */ = {isa = PBXFileReference; lastKnownFileType = sourcecode.swift; path = AppDelegate.swift; sourceTree = "<group>"; };
		8178C6142990881B006409D2 /* GameScene.sks */ = {isa = PBXFileReference; lastKnownFileType = file.sks; path = GameScene.sks; sourceTree = "<group>"; };
		8178C6162990881B006409D2 /* Actions.sks */ = {isa = PBXFileReference; lastKnownFileType = file.sks; path = Actions.sks; sourceTree = "<group>"; };
		8178C6182990881B006409D2 /* GameScene.swift */ = {isa = PBXFileReference; lastKnownFileType = sourcecode.swift; path = GameScene.swift; sourceTree = "<group>"; };
		8178C61A2990881B006409D2 /* GameViewController.swift */ = {isa = PBXFileReference; lastKnownFileType = sourcecode.swift; path = GameViewController.swift; sourceTree = "<group>"; };
		8178C61D2990881B006409D2 /* Base */ = {isa = PBXFileReference; lastKnownFileType = file.storyboard; name = Base; path = Base.lproj/Main.storyboard; sourceTree = "<group>"; };
		8178C61F2990881D006409D2 /* Assets.xcassets */ = {isa = PBXFileReference; lastKnownFileType = folder.assetcatalog; path = Assets.xcassets; sourceTree = "<group>"; };
		8178C6222990881D006409D2 /* Base */ = {isa = PBXFileReference; lastKnownFileType = file.storyboard; name = Base; path = Base.lproj/LaunchScreen.storyboard; sourceTree = "<group>"; };
		8178C62A2990883A006409D2 /* ScoreManager.swift */ = {isa = PBXFileReference; fileEncoding = 4; lastKnownFileType = sourcecode.swift; path = ScoreManager.swift; sourceTree = "<group>"; };
		8178C62B2990883A006409D2 /* CollisionManager.swift */ = {isa = PBXFileReference; fileEncoding = 4; lastKnownFileType = sourcecode.swift; path = CollisionManager.swift; sourceTree = "<group>"; };
		8178C65529908850006409D2 /* Island.swift */ = {isa = PBXFileReference; fileEncoding = 4; lastKnownFileType = sourcecode.swift; path = Island.swift; sourceTree = "<group>"; };
		8178C65629908850006409D2 /* Cloud.swift */ = {isa = PBXFileReference; fileEncoding = 4; lastKnownFileType = sourcecode.swift; path = Cloud.swift; sourceTree = "<group>"; };
		8178C65729908850006409D2 /* Ocean.swift */ = {isa = PBXFileReference; fileEncoding = 4; lastKnownFileType = sourcecode.swift; path = Ocean.swift; sourceTree = "<group>"; };
		8178C65829908850006409D2 /* Plane.swift */ = {isa = PBXFileReference; fileEncoding = 4; lastKnownFileType = sourcecode.swift; path = Plane.swift; sourceTree = "<group>"; };
		8178C65F29908855006409D2 /* engine.ogg */ = {isa = PBXFileReference; lastKnownFileType = file; path = engine.ogg; sourceTree = "<group>"; };
		8178C66029908855006409D2 /* thunder.ogg */ = {isa = PBXFileReference; lastKnownFileType = file; path = thunder.ogg; sourceTree = "<group>"; };
		8178C66129908856006409D2 /* engine.mp3 */ = {isa = PBXFileReference; lastKnownFileType = audio.mp3; path = engine.mp3; sourceTree = "<group>"; };
		8178C66229908856006409D2 /* yay.ogg */ = {isa = PBXFileReference; lastKnownFileType = file; path = yay.ogg; sourceTree = "<group>"; };
		8178C66329908856006409D2 /* thunder.mp3 */ = {isa = PBXFileReference; lastKnownFileType = audio.mp3; path = thunder.mp3; sourceTree = "<group>"; };
		8178C66429908857006409D2 /* yay.mp3 */ = {isa = PBXFileReference; lastKnownFileType = audio.mp3; path = yay.mp3; sourceTree = "<group>"; };
		8178C66629908857006409D2 /* Dock51.ttf */ = {isa = PBXFileReference; lastKnownFileType = file; path = Dock51.ttf; sourceTree = "<group>"; };
		8178C66829908858006409D2 /* startButton.png */ = {isa = PBXFileReference; lastKnownFileType = image.png; path = startButton.png; sourceTree = "<group>"; };
		8178C66929908859006409D2 /* ocean.png */ = {isa = PBXFileReference; lastKnownFileType = image.png; path = ocean.png; sourceTree = "<group>"; };
		8178C66A29908859006409D2 /* plane3.png */ = {isa = PBXFileReference; lastKnownFileType = image.png; path = plane3.png; sourceTree = "<group>"; };
		8178C66B2990885A006409D2 /* cloud.png */ = {isa = PBXFileReference; lastKnownFileType = image.png; path = cloud.png; sourceTree = "<group>"; };
		8178C66C2990885A006409D2 /* plane.png */ = {isa = PBXFileReference; lastKnownFileType = image.png; path = plane.png; sourceTree = "<group>"; };
		8178C66D2990885A006409D2 /* nextButton.png */ = {isa = PBXFileReference; lastKnownFileType = image.png; path = nextButton.png; sourceTree = "<group>"; };
		8178C66E2990885B006409D2 /* island.png */ = {isa = PBXFileReference; lastKnownFileType = image.png; path = island.png; sourceTree = "<group>"; };
		8178C66F2990885B006409D2 /* plane1.png */ = {isa = PBXFileReference; lastKnownFileType = image.png; path = plane1.png; sourceTree = "<group>"; };
		8178C6702990885B006409D2 /* plane2.png */ = {isa = PBXFileReference; lastKnownFileType = image.png; path = plane2.png; sourceTree = "<group>"; };
		8178C6712990885C006409D2 /* backButton.png */ = {isa = PBXFileReference; lastKnownFileType = image.png; path = backButton.png; sourceTree = "<group>"; };
		8178C67329908860006409D2 /* GameProtocol.swift */ = {isa = PBXFileReference; fileEncoding = 4; lastKnownFileType = sourcecode.swift; path = GameProtocol.swift; sourceTree = "<group>"; };
		8178C67429908860006409D2 /* GameObject.swift */ = {isa = PBXFileReference; fileEncoding = 4; lastKnownFileType = sourcecode.swift; path = GameObject.swift; sourceTree = "<group>"; };
		8178C67529908860006409D2 /* Layer.swift */ = {isa = PBXFileReference; fileEncoding = 4; lastKnownFileType = sourcecode.swift; path = Layer.swift; sourceTree = "<group>"; };
/* End PBXFileReference section */

/* Begin PBXFrameworksBuildPhase section */
		8178C60C2990881B006409D2 /* Frameworks */ = {
			isa = PBXFrameworksBuildPhase;
			buildActionMask = 2147483647;
			files = (
			);
			runOnlyForDeploymentPostprocessing = 0;
		};
/* End PBXFrameworksBuildPhase section */

/* Begin PBXGroup section */
		8178C6062990881B006409D2 = {
			isa = PBXGroup;
			children = (
				8178C6112990881B006409D2 /* MAPD724_ICE3_Brijen */,
				8178C6102990881B006409D2 /* Products */,
			);
			sourceTree = "<group>";
		};
		8178C6102990881B006409D2 /* Products */ = {
			isa = PBXGroup;
			children = (
				8178C60F2990881B006409D2 /* MAPD724_ICE3_Brijen.app */,
			);
			name = Products;
			sourceTree = "<group>";
		};
		8178C6112990881B006409D2 /* MAPD724_ICE3_Brijen */ = {
			isa = PBXGroup;
			children = (
				8178C67229908860006409D2 /* Core */,
				8178C65D29908854006409D2 /* Assets */,
				8178C65429908850006409D2 /* GameObjects */,
				8178C6292990883A006409D2 /* Managers */,
				8178C6122990881B006409D2 /* AppDelegate.swift */,
				8178C6142990881B006409D2 /* GameScene.sks */,
				8178C6162990881B006409D2 /* Actions.sks */,
				8178C6182990881B006409D2 /* GameScene.swift */,
				8178C61A2990881B006409D2 /* GameViewController.swift */,
				8178C61C2990881B006409D2 /* Main.storyboard */,
				8178C61F2990881D006409D2 /* Assets.xcassets */,
				8178C6212990881D006409D2 /* LaunchScreen.storyboard */,
			);
			path = MAPD724_ICE3_Brijen;
			sourceTree = "<group>";
		};
		8178C6292990883A006409D2 /* Managers */ = {
			isa = PBXGroup;
			children = (
				8178C62A2990883A006409D2 /* ScoreManager.swift */,
				8178C62B2990883A006409D2 /* CollisionManager.swift */,
			);
			name = Managers;
			path = "../../MAPD724-W2023-ICE3-main/MAPD724-W2023-ICE3/Managers";
			sourceTree = "<group>";
		};
		8178C65429908850006409D2 /* GameObjects */ = {
			isa = PBXGroup;
			children = (
				8178C65529908850006409D2 /* Island.swift */,
				8178C65629908850006409D2 /* Cloud.swift */,
				8178C65729908850006409D2 /* Ocean.swift */,
				8178C65829908850006409D2 /* Plane.swift */,
			);
			name = GameObjects;
			path = "../../MAPD724-W2023-ICE3-main/MAPD724-W2023-ICE3/GameObjects";
			sourceTree = "<group>";
		};
		8178C65D29908854006409D2 /* Assets */ = {
			isa = PBXGroup;
			children = (
				8178C66729908858006409D2 /* images */,
				8178C65E29908854006409D2 /* audio */,
				8178C66529908857006409D2 /* fonts */,
			);
			path = Assets;
			sourceTree = "<group>";
		};
		8178C65E29908854006409D2 /* audio */ = {
			isa = PBXGroup;
			children = (
				8178C66029908855006409D2 /* thunder.ogg */,
				8178C66229908856006409D2 /* yay.ogg */,
				8178C65F29908855006409D2 /* engine.ogg */,
				8178C66129908856006409D2 /* engine.mp3 */,
				8178C66329908856006409D2 /* thunder.mp3 */,
				8178C66429908857006409D2 /* yay.mp3 */,
			);
			path = audio;
			sourceTree = "<group>";
		};
		8178C66529908857006409D2 /* fonts */ = {
			isa = PBXGroup;
			children = (
				8178C66629908857006409D2 /* Dock51.ttf */,
			);
			path = fonts;
			sourceTree = "<group>";
		};
		8178C66729908858006409D2 /* images */ = {
			isa = PBXGroup;
			children = (
				8178C66A29908859006409D2 /* plane3.png */,
				8178C6702990885B006409D2 /* plane2.png */,
				8178C66F2990885B006409D2 /* plane1.png */,
				8178C6712990885C006409D2 /* backButton.png */,
				8178C66C2990885A006409D2 /* plane.png */,
				8178C66E2990885B006409D2 /* island.png */,
				8178C66B2990885A006409D2 /* cloud.png */,
				8178C66D2990885A006409D2 /* nextButton.png */,
				8178C66929908859006409D2 /* ocean.png */,
				8178C66829908858006409D2 /* startButton.png */,
			);
			path = images;
			sourceTree = "<group>";
		};
		8178C67229908860006409D2 /* Core */ = {
			isa = PBXGroup;
			children = (
				8178C67329908860006409D2 /* GameProtocol.swift */,
				8178C67429908860006409D2 /* GameObject.swift */,
				8178C67529908860006409D2 /* Layer.swift */,
			);
			name = Core;
			path = "../../MAPD724-W2023-ICE3-main/MAPD724-W2023-ICE3/Core";
			sourceTree = "<group>";
		};
/* End PBXGroup section */

/* Begin PBXNativeTarget section */
		8178C60E2990881B006409D2 /* MAPD724_ICE3_Brijen */ = {
			isa = PBXNativeTarget;
			buildConfigurationList = 8178C6262990881D006409D2 /* Build configuration list for PBXNativeTarget "MAPD724_ICE3_Brijen" */;
			buildPhases = (
				8178C60B2990881B006409D2 /* Sources */,
				8178C60C2990881B006409D2 /* Frameworks */,
				8178C60D2990881B006409D2 /* Resources */,
			);
			buildRules = (
			);
			dependencies = (
			);
			name = MAPD724_ICE3_Brijen;
			productName = MAPD724_ICE3_Brijen;
			productReference = 8178C60F2990881B006409D2 /* MAPD724_ICE3_Brijen.app */;
			productType = "com.apple.product-type.application";
		};
/* End PBXNativeTarget section */

/* Begin PBXProject section */
		8178C6072990881B006409D2 /* Project object */ = {
			isa = PBXProject;
			attributes = {
				BuildIndependentTargetsInParallel = 1;
				LastSwiftUpdateCheck = 1400;
				LastUpgradeCheck = 1400;
				TargetAttributes = {
					8178C60E2990881B006409D2 = {
						CreatedOnToolsVersion = 14.0;
					};
				};
			};
			buildConfigurationList = 8178C60A2990881B006409D2 /* Build configuration list for PBXProject "MAPD724_ICE3_Brijen" */;
			compatibilityVersion = "Xcode 14.0";
			developmentRegion = en;
			hasScannedForEncodings = 0;
			knownRegions = (
				en,
				Base,
			);
			mainGroup = 8178C6062990881B006409D2;
			productRefGroup = 8178C6102990881B006409D2 /* Products */;
			projectDirPath = "";
			projectRoot = "";
			targets = (
				8178C60E2990881B006409D2 /* MAPD724_ICE3_Brijen */,
			);
		};
/* End PBXProject section */

/* Begin PBXResourcesBuildPhase section */
		8178C60D2990881B006409D2 /* Resources */ = {
			isa = PBXResourcesBuildPhase;
			buildActionMask = 2147483647;
			files = (
				8178C61E2990881B006409D2 /* Main.storyboard in Resources */,
				8178C6152990881B006409D2 /* GameScene.sks in Resources */,
				8178C6202990881D006409D2 /* Assets.xcassets in Resources */,
				8178C6232990881D006409D2 /* LaunchScreen.storyboard in Resources */,
				8178C6172990881B006409D2 /* Actions.sks in Resources */,
			);
			runOnlyForDeploymentPostprocessing = 0;
		};
/* End PBXResourcesBuildPhase section */

/* Begin PBXSourcesBuildPhase section */
		8178C60B2990881B006409D2 /* Sources */ = {
			isa = PBXSourcesBuildPhase;
			buildActionMask = 2147483647;
			files = (
				8178C67729908860006409D2 /* GameObject.swift in Sources */,
				8178C62C2990883A006409D2 /* ScoreManager.swift in Sources */,
				8178C67629908860006409D2 /* GameProtocol.swift in Sources */,
				8178C67829908860006409D2 /* Layer.swift in Sources */,
				8178C65C29908851006409D2 /* Plane.swift in Sources */,
				8178C6192990881B006409D2 /* GameScene.swift in Sources */,
				8178C65929908851006409D2 /* Island.swift in Sources */,
				8178C62D2990883A006409D2 /* CollisionManager.swift in Sources */,
				8178C65B29908851006409D2 /* Ocean.swift in Sources */,
				8178C65A29908851006409D2 /* Cloud.swift in Sources */,
				8178C61B2990881B006409D2 /* GameViewController.swift in Sources */,
				8178C6132990881B006409D2 /* AppDelegate.swift in Sources */,
			);
			runOnlyForDeploymentPostprocessing = 0;
		};
/* End PBXSourcesBuildPhase section */

/* Begin PBXVariantGroup section */
		8178C61C2990881B006409D2 /* Main.storyboard */ = {
			isa = PBXVariantGroup;
			children = (
				8178C61D2990881B006409D2 /* Base */,
			);
			name = Main.storyboard;
			sourceTree = "<group>";
		};
		8178C6212990881D006409D2 /* LaunchScreen.storyboard */ = {
			isa = PBXVariantGroup;
			children = (
				8178C6222990881D006409D2 /* Base */,
			);
			name = LaunchScreen.storyboard;
			sourceTree = "<group>";
		};
/* End PBXVariantGroup section */

/* Begin XCBuildConfiguration section */
		8178C6242990881D006409D2 /* Debug */ = {
			isa = XCBuildConfiguration;
			buildSettings = {
				ALWAYS_SEARCH_USER_PATHS = NO;
				CLANG_ANALYZER_NONNULL = YES;
				CLANG_ANALYZER_NUMBER_OBJECT_CONVERSION = YES_AGGRESSIVE;
				CLANG_CXX_LANGUAGE_STANDARD = "gnu++20";
				CLANG_ENABLE_MODULES = YES;
				CLANG_ENABLE_OBJC_ARC = YES;
				CLANG_ENABLE_OBJC_WEAK = YES;
				CLANG_WARN_BLOCK_CAPTURE_AUTORELEASING = YES;
				CLANG_WARN_BOOL_CONVERSION = YES;
				CLANG_WARN_COMMA = YES;
				CLANG_WARN_CONSTANT_CONVERSION = YES;
				CLANG_WARN_DEPRECATED_OBJC_IMPLEMENTATIONS = YES;
				CLANG_WARN_DIRECT_OBJC_ISA_USAGE = YES_ERROR;
				CLANG_WARN_DOCUMENTATION_COMMENTS = YES;
				CLANG_WARN_EMPTY_BODY = YES;
				CLANG_WARN_ENUM_CONVERSION = YES;
				CLANG_WARN_INFINITE_RECURSION = YES;
				CLANG_WARN_INT_CONVERSION = YES;
				CLANG_WARN_NON_LITERAL_NULL_CONVERSION = YES;
				CLANG_WARN_OBJC_IMPLICIT_RETAIN_SELF = YES;
				CLANG_WARN_OBJC_LITERAL_CONVERSION = YES;
				CLANG_WARN_OBJC_ROOT_CLASS = YES_ERROR;
				CLANG_WARN_QUOTED_INCLUDE_IN_FRAMEWORK_HEADER = YES;
				CLANG_WARN_RANGE_LOOP_ANALYSIS = YES;
				CLANG_WARN_STRICT_PROTOTYPES = YES;
				CLANG_WARN_SUSPICIOUS_MOVE = YES;
				CLANG_WARN_UNGUARDED_AVAILABILITY = YES_AGGRESSIVE;
				CLANG_WARN_UNREACHABLE_CODE = YES;
				CLANG_WARN__DUPLICATE_METHOD_MATCH = YES;
				COPY_PHASE_STRIP = NO;
				DEBUG_INFORMATION_FORMAT = dwarf;
				ENABLE_STRICT_OBJC_MSGSEND = YES;
				ENABLE_TESTABILITY = YES;
				GCC_C_LANGUAGE_STANDARD = gnu11;
				GCC_DYNAMIC_NO_PIC = NO;
				GCC_NO_COMMON_BLOCKS = YES;
				GCC_OPTIMIZATION_LEVEL = 0;
				GCC_PREPROCESSOR_DEFINITIONS = (
					"DEBUG=1",
					"$(inherited)",
				);
				GCC_WARN_64_TO_32_BIT_CONVERSION = YES;
				GCC_WARN_ABOUT_RETURN_TYPE = YES_ERROR;
				GCC_WARN_UNDECLARED_SELECTOR = YES;
				GCC_WARN_UNINITIALIZED_AUTOS = YES_AGGRESSIVE;
				GCC_WARN_UNUSED_FUNCTION = YES;
				GCC_WARN_UNUSED_VARIABLE = YES;
				IPHONEOS_DEPLOYMENT_TARGET = 16.0;
				MTL_ENABLE_DEBUG_INFO = INCLUDE_SOURCE;
				MTL_FAST_MATH = YES;
				ONLY_ACTIVE_ARCH = YES;
				SDKROOT = iphoneos;
				SWIFT_ACTIVE_COMPILATION_CONDITIONS = DEBUG;
				SWIFT_OPTIMIZATION_LEVEL = "-Onone";
			};
			name = Debug;
		};
		8178C6252990881D006409D2 /* Release */ = {
			isa = XCBuildConfiguration;
			buildSettings = {
				ALWAYS_SEARCH_USER_PATHS = NO;
				CLANG_ANALYZER_NONNULL = YES;
				CLANG_ANALYZER_NUMBER_OBJECT_CONVERSION = YES_AGGRESSIVE;
				CLANG_CXX_LANGUAGE_STANDARD = "gnu++20";
				CLANG_ENABLE_MODULES = YES;
				CLANG_ENABLE_OBJC_ARC = YES;
				CLANG_ENABLE_OBJC_WEAK = YES;
				CLANG_WARN_BLOCK_CAPTURE_AUTORELEASING = YES;
				CLANG_WARN_BOOL_CONVERSION = YES;
				CLANG_WARN_COMMA = YES;
				CLANG_WARN_CONSTANT_CONVERSION = YES;
				CLANG_WARN_DEPRECATED_OBJC_IMPLEMENTATIONS = YES;
				CLANG_WARN_DIRECT_OBJC_ISA_USAGE = YES_ERROR;
				CLANG_WARN_DOCUMENTATION_COMMENTS = YES;
				CLANG_WARN_EMPTY_BODY = YES;
				CLANG_WARN_ENUM_CONVERSION = YES;
				CLANG_WARN_INFINITE_RECURSION = YES;
				CLANG_WARN_INT_CONVERSION = YES;
				CLANG_WARN_NON_LITERAL_NULL_CONVERSION = YES;
				CLANG_WARN_OBJC_IMPLICIT_RETAIN_SELF = YES;
				CLANG_WARN_OBJC_LITERAL_CONVERSION = YES;
				CLANG_WARN_OBJC_ROOT_CLASS = YES_ERROR;
				CLANG_WARN_QUOTED_INCLUDE_IN_FRAMEWORK_HEADER = YES;
				CLANG_WARN_RANGE_LOOP_ANALYSIS = YES;
				CLANG_WARN_STRICT_PROTOTYPES = YES;
				CLANG_WARN_SUSPICIOUS_MOVE = YES;
				CLANG_WARN_UNGUARDED_AVAILABILITY = YES_AGGRESSIVE;
				CLANG_WARN_UNREACHABLE_CODE = YES;
				CLANG_WARN__DUPLICATE_METHOD_MATCH = YES;
				COPY_PHASE_STRIP = NO;
				DEBUG_INFORMATION_FORMAT = "dwarf-with-dsym";
				ENABLE_NS_ASSERTIONS = NO;
				ENABLE_STRICT_OBJC_MSGSEND = YES;
				GCC_C_LANGUAGE_STANDARD = gnu11;
				GCC_NO_COMMON_BLOCKS = YES;
				GCC_WARN_64_TO_32_BIT_CONVERSION = YES;
				GCC_WARN_ABOUT_RETURN_TYPE = YES_ERROR;
				GCC_WARN_UNDECLARED_SELECTOR = YES;
				GCC_WARN_UNINITIALIZED_AUTOS = YES_AGGRESSIVE;
				GCC_WARN_UNUSED_FUNCTION = YES;
				GCC_WARN_UNUSED_VARIABLE = YES;
				IPHONEOS_DEPLOYMENT_TARGET = 16.0;
				MTL_ENABLE_DEBUG_INFO = NO;
				MTL_FAST_MATH = YES;
				SDKROOT = iphoneos;
				SWIFT_COMPILATION_MODE = wholemodule;
				SWIFT_OPTIMIZATION_LEVEL = "-O";
				VALIDATE_PRODUCT = YES;
			};
			name = Release;
		};
		8178C6272990881D006409D2 /* Debug */ = {
			isa = XCBuildConfiguration;
			buildSettings = {
				ASSETCATALOG_COMPILER_APPICON_NAME = AppIcon;
				ASSETCATALOG_COMPILER_GLOBAL_ACCENT_COLOR_NAME = AccentColor;
				CODE_SIGN_STYLE = Automatic;
				CURRENT_PROJECT_VERSION = 1;
				DEVELOPMENT_TEAM = P5R56YG343;
				GENERATE_INFOPLIST_FILE = YES;
				INFOPLIST_KEY_UIApplicationSupportsIndirectInputEvents = YES;
				INFOPLIST_KEY_UILaunchStoryboardName = LaunchScreen;
				INFOPLIST_KEY_UIMainStoryboardFile = Main;
				INFOPLIST_KEY_UIStatusBarHidden = YES;
				INFOPLIST_KEY_UISupportedInterfaceOrientations_iPad = "UIInterfaceOrientationPortrait UIInterfaceOrientationPortraitUpsideDown UIInterfaceOrientationLandscapeLeft UIInterfaceOrientationLandscapeRight";
				INFOPLIST_KEY_UISupportedInterfaceOrientations_iPhone = "UIInterfaceOrientationPortrait UIInterfaceOrientationLandscapeLeft UIInterfaceOrientationLandscapeRight";
				LD_RUNPATH_SEARCH_PATHS = (
					"$(inherited)",
					"@executable_path/Frameworks",
				);
				MARKETING_VERSION = 1.0;
				PRODUCT_BUNDLE_IDENTIFIER = "ecentennial.college.ca.MAPD724-ICE3-Brijen";
				PRODUCT_NAME = "$(TARGET_NAME)";
				SWIFT_EMIT_LOC_STRINGS = YES;
				SWIFT_VERSION = 5.0;
				TARGETED_DEVICE_FAMILY = "1,2";
			};
			name = Debug;
		};
		8178C6282990881D006409D2 /* Release */ = {
			isa = XCBuildConfiguration;
			buildSettings = {
				ASSETCATALOG_COMPILER_APPICON_NAME = AppIcon;
				ASSETCATALOG_COMPILER_GLOBAL_ACCENT_COLOR_NAME = AccentColor;
				CODE_SIGN_STYLE = Automatic;
				CURRENT_PROJECT_VERSION = 1;
				DEVELOPMENT_TEAM = P5R56YG343;
				GENERATE_INFOPLIST_FILE = YES;
				INFOPLIST_KEY_UIApplicationSupportsIndirectInputEvents = YES;
				INFOPLIST_KEY_UILaunchStoryboardName = LaunchScreen;
				INFOPLIST_KEY_UIMainStoryboardFile = Main;
				INFOPLIST_KEY_UIStatusBarHidden = YES;
				INFOPLIST_KEY_UISupportedInterfaceOrientations_iPad = "UIInterfaceOrientationPortrait UIInterfaceOrientationPortraitUpsideDown UIInterfaceOrientationLandscapeLeft UIInterfaceOrientationLandscapeRight";
				INFOPLIST_KEY_UISupportedInterfaceOrientations_iPhone = "UIInterfaceOrientationPortrait UIInterfaceOrientationLandscapeLeft UIInterfaceOrientationLandscapeRight";
				LD_RUNPATH_SEARCH_PATHS = (
					"$(inherited)",
					"@executable_path/Frameworks",
				);
				MARKETING_VERSION = 1.0;
				PRODUCT_BUNDLE_IDENTIFIER = "ecentennial.college.ca.MAPD724-ICE3-Brijen";
				PRODUCT_NAME = "$(TARGET_NAME)";
				SWIFT_EMIT_LOC_STRINGS = YES;
				SWIFT_VERSION = 5.0;
				TARGETED_DEVICE_FAMILY = "1,2";
			};
			name = Release;
		};
/* End XCBuildConfiguration section */

/* Begin XCConfigurationList section */
		8178C60A2990881B006409D2 /* Build configuration list for PBXProject "MAPD724_ICE3_Brijen" */ = {
			isa = XCConfigurationList;
			buildConfigurations = (
				8178C6242990881D006409D2 /* Debug */,
				8178C6252990881D006409D2 /* Release */,
			);
			defaultConfigurationIsVisible = 0;
			defaultConfigurationName = Release;
		};
		8178C6262990881D006409D2 /* Build configuration list for PBXNativeTarget "MAPD724_ICE3_Brijen" */ = {
			isa = XCConfigurationList;
			buildConfigurations = (
				8178C6272990881D006409D2 /* Debug */,
				8178C6282990881D006409D2 /* Release */,
			);
			defaultConfigurationIsVisible = 0;
			defaultConfigurationName = Release;
		};
/* End XCConfigurationList section */
	};
	rootObject = 8178C6072990881B006409D2 /* Project object */;
}
